
Microsoft Visual Studio Solution File, Format Version 12.00
# Visual Studio Version 17
VisualStudioVersion = 17.2.32519.379
MinimumVisualStudioVersion = 10.0.40219.1
Project("{FAE04EC0-301F-11D3-BF4B-00C04F79EFBC}") = "SonarRulesVerfication", "SonarRulesVerfication\SonarRulesVerfication.csproj", "{365E4095-1575-453C-9334-C7494D315BC7}"
EndProject
Global
	GlobalSection(SolutionConfigurationPlatforms) = preSolution
		Debug|Any CPU = Debug|Any CPU
		Release|Any CPU = Release|Any CPU
	EndGlobalSection
	GlobalSection(ProjectConfigurationPlatforms) = postSolution
		{365E4095-1575-453C-9334-C7494D315BC7}.Debug|Any CPU.ActiveCfg = Debug|Any CPU
		{365E4095-1575-453C-9334-C7494D315BC7}.Debug|Any CPU.Build.0 = Debug|Any CPU
		{365E4095-1575-453C-9334-C7494D315BC7}.Release|Any CPU.ActiveCfg = Release|Any CPU
		{365E4095-1575-453C-9334-C7494D315BC7}.Release|Any CPU.Build.0 = Release|Any CPU
	EndGlobalSection
	GlobalSection(SolutionProperties) = preSolution
		HideSolutionNode = FALSE
	EndGlobalSection
	GlobalSection(ExtensibilityGlobals) = postSolution
		SolutionGuid = {4611F187-5F02-459B-987C-21227BDFD6C5}
	EndGlobalSection
EndGlobal
